
Microsoft Visual Studio Solution File, Format Version 12.00
# Visual Studio 15
VisualStudioVersion = 15.0.26124.0
MinimumVisualStudioVersion = 15.0.26124.0
Project("{FAE04EC0-301F-11D3-BF4B-00C04F79EFBC}") = "_01_OddOrEven", "_01_OddOrEven\_01_OddOrEven.csproj", "{5C2630AF-3B61-4766-A8CF-C91FC73EB4C7}"
EndProject
Project("{FAE04EC0-301F-11D3-BF4B-00C04F79EFBC}") = "_02_MoonGravity", "_02_MoonGravity\_02_MoonGravity.csproj", "{3D41C424-2D49-4690-A06A-6C60E481124D}"
EndProject
Project("{FAE04EC0-301F-11D3-BF4B-00C04F79EFBC}") = "_03_DivideBy7and5", "_03_DivideBy7and5\_03_DivideBy7and5.csproj", "{FAA5A839-F2D7-4A19-A6EB-6928F4B4F1F8}"
EndProject
Project("{FAE04EC0-301F-11D3-BF4B-00C04F79EFBC}") = "_04_Rectangles", "_04_Rectangles\_04_Rectangles.csproj", "{94D5FB25-443E-46C8-B67B-F30D474A1308}"
EndProject
Project("{FAE04EC0-301F-11D3-BF4B-00C04F79EFBC}") = "_05_ThirdDigit", "_05_ThirdDigit\_05_ThirdDigit.csproj", "{1442BFDA-61BC-4F47-863C-31CB5EE3C0E1}"
EndProject
Project("{FAE04EC0-301F-11D3-BF4B-00C04F79EFBC}") = "_06_FourDigits", "_06_FourDigits\_06_FourDigits.csproj", "{343682E3-6E93-48F4-87A3-E62FA6F0BFC8}"
EndProject
Project("{FAE04EC0-301F-11D3-BF4B-00C04F79EFBC}") = "_07_PointsInCircle", "_07_PointsInCircle\_07_PointsInCircle.csproj", "{282334A1-C729-4918-9D36-A42263C098C0}"
EndProject
Project("{FAE04EC0-301F-11D3-BF4B-00C04F79EFBC}") = "_08_PrimeCheck", "_08_PrimeCheck\_08_PrimeCheck.csproj", "{82885A1F-499C-4795-B2A9-41F4DF9290AD}"
EndProject
Project("{FAE04EC0-301F-11D3-BF4B-00C04F79EFBC}") = "_09_Trapezoids", "_09_Trapezoids\_09_Trapezoids.csproj", "{F1C5B030-58F6-4674-A6FE-8AFE8AAE80A8}"
EndProject
Project("{FAE04EC0-301F-11D3-BF4B-00C04F79EFBC}") = "_10_PointCircleRectangle", "_10_PointCircleRectangle\_10_PointCircleRectangle.csproj", "{463F9E33-0B20-42A0-A50E-EB60FBE3BCA4}"
EndProject
Project("{FAE04EC0-301F-11D3-BF4B-00C04F79EFBC}") = "_11_3rdBit", "_11_3rdBit\_11_3rdBit.csproj", "{1C9B39AB-6303-41EF-9BA2-1C805DDF9E9E}"
EndProject
Project("{FAE04EC0-301F-11D3-BF4B-00C04F79EFBC}") = "_12_NthBit", "_12_NthBit\_12_NthBit.csproj", "{2822DFE6-0CF7-4AD9-9338-FDF0A47F6791}"
EndProject
Project("{FAE04EC0-301F-11D3-BF4B-00C04F79EFBC}") = "_13_ModifyBit", "_13_ModifyBit\_13_ModifyBit.csproj", "{D3C76AA4-972A-4FDF-8D68-36C6603B8A2F}"
EndProject
Project("{FAE04EC0-301F-11D3-BF4B-00C04F79EFBC}") = "_14_BitExchange", "_14_BitExchange\_14_BitExchange.csproj", "{8B501D73-9434-40CB-A3FE-CA6ACC114829}"
EndProject
Project("{FAE04EC0-301F-11D3-BF4B-00C04F79EFBC}") = "_15_BitSwap", "_15_BitSwap\_15_BitSwap.csproj", "{8C5CB25A-4141-4D9F-B5A7-94417C6D3FE0}"
EndProject
Global
	GlobalSection(SolutionConfigurationPlatforms) = preSolution
		Debug|Any CPU = Debug|Any CPU
		Debug|x64 = Debug|x64
		Debug|x86 = Debug|x86
		Release|Any CPU = Release|Any CPU
		Release|x64 = Release|x64
		Release|x86 = Release|x86
	EndGlobalSection
	GlobalSection(SolutionProperties) = preSolution
		HideSolutionNode = FALSE
	EndGlobalSection
	GlobalSection(ProjectConfigurationPlatforms) = postSolution
		{5C2630AF-3B61-4766-A8CF-C91FC73EB4C7}.Debug|Any CPU.ActiveCfg = Debug|Any CPU
		{5C2630AF-3B61-4766-A8CF-C91FC73EB4C7}.Debug|Any CPU.Build.0 = Debug|Any CPU
		{5C2630AF-3B61-4766-A8CF-C91FC73EB4C7}.Debug|x64.ActiveCfg = Debug|Any CPU
		{5C2630AF-3B61-4766-A8CF-C91FC73EB4C7}.Debug|x64.Build.0 = Debug|Any CPU
		{5C2630AF-3B61-4766-A8CF-C91FC73EB4C7}.Debug|x86.ActiveCfg = Debug|Any CPU
		{5C2630AF-3B61-4766-A8CF-C91FC73EB4C7}.Debug|x86.Build.0 = Debug|Any CPU
		{5C2630AF-3B61-4766-A8CF-C91FC73EB4C7}.Release|Any CPU.ActiveCfg = Release|Any CPU
		{5C2630AF-3B61-4766-A8CF-C91FC73EB4C7}.Release|Any CPU.Build.0 = Release|Any CPU
		{5C2630AF-3B61-4766-A8CF-C91FC73EB4C7}.Release|x64.ActiveCfg = Release|Any CPU
		{5C2630AF-3B61-4766-A8CF-C91FC73EB4C7}.Release|x64.Build.0 = Release|Any CPU
		{5C2630AF-3B61-4766-A8CF-C91FC73EB4C7}.Release|x86.ActiveCfg = Release|Any CPU
		{5C2630AF-3B61-4766-A8CF-C91FC73EB4C7}.Release|x86.Build.0 = Release|Any CPU
		{3D41C424-2D49-4690-A06A-6C60E481124D}.Debug|Any CPU.ActiveCfg = Debug|Any CPU
		{3D41C424-2D49-4690-A06A-6C60E481124D}.Debug|Any CPU.Build.0 = Debug|Any CPU
		{3D41C424-2D49-4690-A06A-6C60E481124D}.Debug|x64.ActiveCfg = Debug|Any CPU
		{3D41C424-2D49-4690-A06A-6C60E481124D}.Debug|x64.Build.0 = Debug|Any CPU
		{3D41C424-2D49-4690-A06A-6C60E481124D}.Debug|x86.ActiveCfg = Debug|Any CPU
		{3D41C424-2D49-4690-A06A-6C60E481124D}.Debug|x86.Build.0 = Debug|Any CPU
		{3D41C424-2D49-4690-A06A-6C60E481124D}.Release|Any CPU.ActiveCfg = Release|Any CPU
		{3D41C424-2D49-4690-A06A-6C60E481124D}.Release|Any CPU.Build.0 = Release|Any CPU
		{3D41C424-2D49-4690-A06A-6C60E481124D}.Release|x64.ActiveCfg = Release|Any CPU
		{3D41C424-2D49-4690-A06A-6C60E481124D}.Release|x64.Build.0 = Release|Any CPU
		{3D41C424-2D49-4690-A06A-6C60E481124D}.Release|x86.ActiveCfg = Release|Any CPU
		{3D41C424-2D49-4690-A06A-6C60E481124D}.Release|x86.Build.0 = Release|Any CPU
		{FAA5A839-F2D7-4A19-A6EB-6928F4B4F1F8}.Debug|Any CPU.ActiveCfg = Debug|Any CPU
		{FAA5A839-F2D7-4A19-A6EB-6928F4B4F1F8}.Debug|Any CPU.Build.0 = Debug|Any CPU
		{FAA5A839-F2D7-4A19-A6EB-6928F4B4F1F8}.Debug|x64.ActiveCfg = Debug|Any CPU
		{FAA5A839-F2D7-4A19-A6EB-6928F4B4F1F8}.Debug|x64.Build.0 = Debug|Any CPU
		{FAA5A839-F2D7-4A19-A6EB-6928F4B4F1F8}.Debug|x86.ActiveCfg = Debug|Any CPU
		{FAA5A839-F2D7-4A19-A6EB-6928F4B4F1F8}.Debug|x86.Build.0 = Debug|Any CPU
		{FAA5A839-F2D7-4A19-A6EB-6928F4B4F1F8}.Release|Any CPU.ActiveCfg = Release|Any CPU
		{FAA5A839-F2D7-4A19-A6EB-6928F4B4F1F8}.Release|Any CPU.Build.0 = Release|Any CPU
		{FAA5A839-F2D7-4A19-A6EB-6928F4B4F1F8}.Release|x64.ActiveCfg = Release|Any CPU
		{FAA5A839-F2D7-4A19-A6EB-6928F4B4F1F8}.Release|x64.Build.0 = Release|Any CPU
		{FAA5A839-F2D7-4A19-A6EB-6928F4B4F1F8}.Release|x86.ActiveCfg = Release|Any CPU
		{FAA5A839-F2D7-4A19-A6EB-6928F4B4F1F8}.Release|x86.Build.0 = Release|Any CPU
		{94D5FB25-443E-46C8-B67B-F30D474A1308}.Debug|Any CPU.ActiveCfg = Debug|Any CPU
		{94D5FB25-443E-46C8-B67B-F30D474A1308}.Debug|Any CPU.Build.0 = Debug|Any CPU
		{94D5FB25-443E-46C8-B67B-F30D474A1308}.Debug|x64.ActiveCfg = Debug|Any CPU
		{94D5FB25-443E-46C8-B67B-F30D474A1308}.Debug|x64.Build.0 = Debug|Any CPU
		{94D5FB25-443E-46C8-B67B-F30D474A1308}.Debug|x86.ActiveCfg = Debug|Any CPU
		{94D5FB25-443E-46C8-B67B-F30D474A1308}.Debug|x86.Build.0 = Debug|Any CPU
		{94D5FB25-443E-46C8-B67B-F30D474A1308}.Release|Any CPU.ActiveCfg = Release|Any CPU
		{94D5FB25-443E-46C8-B67B-F30D474A1308}.Release|Any CPU.Build.0 = Release|Any CPU
		{94D5FB25-443E-46C8-B67B-F30D474A1308}.Release|x64.ActiveCfg = Release|Any CPU
		{94D5FB25-443E-46C8-B67B-F30D474A1308}.Release|x64.Build.0 = Release|Any CPU
		{94D5FB25-443E-46C8-B67B-F30D474A1308}.Release|x86.ActiveCfg = Release|Any CPU
		{94D5FB25-443E-46C8-B67B-F30D474A1308}.Release|x86.Build.0 = Release|Any CPU
		{1442BFDA-61BC-4F47-863C-31CB5EE3C0E1}.Debug|Any CPU.ActiveCfg = Debug|Any CPU
		{1442BFDA-61BC-4F47-863C-31CB5EE3C0E1}.Debug|Any CPU.Build.0 = Debug|Any CPU
		{1442BFDA-61BC-4F47-863C-31CB5EE3C0E1}.Debug|x64.ActiveCfg = Debug|Any CPU
		{1442BFDA-61BC-4F47-863C-31CB5EE3C0E1}.Debug|x64.Build.0 = Debug|Any CPU
		{1442BFDA-61BC-4F47-863C-31CB5EE3C0E1}.Debug|x86.ActiveCfg = Debug|Any CPU
		{1442BFDA-61BC-4F47-863C-31CB5EE3C0E1}.Debug|x86.Build.0 = Debug|Any CPU
		{1442BFDA-61BC-4F47-863C-31CB5EE3C0E1}.Release|Any CPU.ActiveCfg = Release|Any CPU
		{1442BFDA-61BC-4F47-863C-31CB5EE3C0E1}.Release|Any CPU.Build.0 = Release|Any CPU
		{1442BFDA-61BC-4F47-863C-31CB5EE3C0E1}.Release|x64.ActiveCfg = Release|Any CPU
		{1442BFDA-61BC-4F47-863C-31CB5EE3C0E1}.Release|x64.Build.0 = Release|Any CPU
		{1442BFDA-61BC-4F47-863C-31CB5EE3C0E1}.Release|x86.ActiveCfg = Release|Any CPU
		{1442BFDA-61BC-4F47-863C-31CB5EE3C0E1}.Release|x86.Build.0 = Release|Any CPU
		{343682E3-6E93-48F4-87A3-E62FA6F0BFC8}.Debug|Any CPU.ActiveCfg = Debug|Any CPU
		{343682E3-6E93-48F4-87A3-E62FA6F0BFC8}.Debug|Any CPU.Build.0 = Debug|Any CPU
		{343682E3-6E93-48F4-87A3-E62FA6F0BFC8}.Debug|x64.ActiveCfg = Debug|Any CPU
		{343682E3-6E93-48F4-87A3-E62FA6F0BFC8}.Debug|x64.Build.0 = Debug|Any CPU
		{343682E3-6E93-48F4-87A3-E62FA6F0BFC8}.Debug|x86.ActiveCfg = Debug|Any CPU
		{343682E3-6E93-48F4-87A3-E62FA6F0BFC8}.Debug|x86.Build.0 = Debug|Any CPU
		{343682E3-6E93-48F4-87A3-E62FA6F0BFC8}.Release|Any CPU.ActiveCfg = Release|Any CPU
		{343682E3-6E93-48F4-87A3-E62FA6F0BFC8}.Release|Any CPU.Build.0 = Release|Any CPU
		{343682E3-6E93-48F4-87A3-E62FA6F0BFC8}.Release|x64.ActiveCfg = Release|Any CPU
		{343682E3-6E93-48F4-87A3-E62FA6F0BFC8}.Release|x64.Build.0 = Release|Any CPU
		{343682E3-6E93-48F4-87A3-E62FA6F0BFC8}.Release|x86.ActiveCfg = Release|Any CPU
		{343682E3-6E93-48F4-87A3-E62FA6F0BFC8}.Release|x86.Build.0 = Release|Any CPU
		{82885A1F-499C-4795-B2A9-41F4DF9290AD}.Debug|Any CPU.ActiveCfg = Debug|Any CPU
		{82885A1F-499C-4795-B2A9-41F4DF9290AD}.Debug|Any CPU.Build.0 = Debug|Any CPU
		{82885A1F-499C-4795-B2A9-41F4DF9290AD}.Debug|x64.ActiveCfg = Debug|Any CPU
		{82885A1F-499C-4795-B2A9-41F4DF9290AD}.Debug|x64.Build.0 = Debug|Any CPU
		{82885A1F-499C-4795-B2A9-41F4DF9290AD}.Debug|x86.ActiveCfg = Debug|Any CPU
		{82885A1F-499C-4795-B2A9-41F4DF9290AD}.Debug|x86.Build.0 = Debug|Any CPU
		{82885A1F-499C-4795-B2A9-41F4DF9290AD}.Release|Any CPU.ActiveCfg = Release|Any CPU
		{82885A1F-499C-4795-B2A9-41F4DF9290AD}.Release|Any CPU.Build.0 = Release|Any CPU
		{82885A1F-499C-4795-B2A9-41F4DF9290AD}.Release|x64.ActiveCfg = Release|Any CPU
		{82885A1F-499C-4795-B2A9-41F4DF9290AD}.Release|x64.Build.0 = Release|Any CPU
		{82885A1F-499C-4795-B2A9-41F4DF9290AD}.Release|x86.ActiveCfg = Release|Any CPU
		{82885A1F-499C-4795-B2A9-41F4DF9290AD}.Release|x86.Build.0 = Release|Any CPU
		{F1C5B030-58F6-4674-A6FE-8AFE8AAE80A8}.Debug|Any CPU.ActiveCfg = Debug|Any CPU
		{F1C5B030-58F6-4674-A6FE-8AFE8AAE80A8}.Debug|Any CPU.Build.0 = Debug|Any CPU
		{F1C5B030-58F6-4674-A6FE-8AFE8AAE80A8}.Debug|x64.ActiveCfg = Debug|Any CPU
		{F1C5B030-58F6-4674-A6FE-8AFE8AAE80A8}.Debug|x64.Build.0 = Debug|Any CPU
		{F1C5B030-58F6-4674-A6FE-8AFE8AAE80A8}.Debug|x86.ActiveCfg = Debug|Any CPU
		{F1C5B030-58F6-4674-A6FE-8AFE8AAE80A8}.Debug|x86.Build.0 = Debug|Any CPU
		{F1C5B030-58F6-4674-A6FE-8AFE8AAE80A8}.Release|Any CPU.ActiveCfg = Release|Any CPU
		{F1C5B030-58F6-4674-A6FE-8AFE8AAE80A8}.Release|Any CPU.Build.0 = Release|Any CPU
		{F1C5B030-58F6-4674-A6FE-8AFE8AAE80A8}.Release|x64.ActiveCfg = Release|Any CPU
		{F1C5B030-58F6-4674-A6FE-8AFE8AAE80A8}.Release|x64.Build.0 = Release|Any CPU
		{F1C5B030-58F6-4674-A6FE-8AFE8AAE80A8}.Release|x86.ActiveCfg = Release|Any CPU
		{F1C5B030-58F6-4674-A6FE-8AFE8AAE80A8}.Release|x86.Build.0 = Release|Any CPU
		{463F9E33-0B20-42A0-A50E-EB60FBE3BCA4}.Debug|Any CPU.ActiveCfg = Debug|Any CPU
		{463F9E33-0B20-42A0-A50E-EB60FBE3BCA4}.Debug|Any CPU.Build.0 = Debug|Any CPU
		{463F9E33-0B20-42A0-A50E-EB60FBE3BCA4}.Debug|x64.ActiveCfg = Debug|Any CPU
		{463F9E33-0B20-42A0-A50E-EB60FBE3BCA4}.Debug|x64.Build.0 = Debug|Any CPU
		{463F9E33-0B20-42A0-A50E-EB60FBE3BCA4}.Debug|x86.ActiveCfg = Debug|Any CPU
		{463F9E33-0B20-42A0-A50E-EB60FBE3BCA4}.Debug|x86.Build.0 = Debug|Any CPU
		{463F9E33-0B20-42A0-A50E-EB60FBE3BCA4}.Release|Any CPU.ActiveCfg = Release|Any CPU
		{463F9E33-0B20-42A0-A50E-EB60FBE3BCA4}.Release|Any CPU.Build.0 = Release|Any CPU
		{463F9E33-0B20-42A0-A50E-EB60FBE3BCA4}.Release|x64.ActiveCfg = Release|Any CPU
		{463F9E33-0B20-42A0-A50E-EB60FBE3BCA4}.Release|x64.Build.0 = Release|Any CPU
		{463F9E33-0B20-42A0-A50E-EB60FBE3BCA4}.Release|x86.ActiveCfg = Release|Any CPU
		{463F9E33-0B20-42A0-A50E-EB60FBE3BCA4}.Release|x86.Build.0 = Release|Any CPU
		{1C9B39AB-6303-41EF-9BA2-1C805DDF9E9E}.Debug|Any CPU.ActiveCfg = Debug|Any CPU
		{1C9B39AB-6303-41EF-9BA2-1C805DDF9E9E}.Debug|Any CPU.Build.0 = Debug|Any CPU
		{1C9B39AB-6303-41EF-9BA2-1C805DDF9E9E}.Debug|x64.ActiveCfg = Debug|Any CPU
		{1C9B39AB-6303-41EF-9BA2-1C805DDF9E9E}.Debug|x64.Build.0 = Debug|Any CPU
		{1C9B39AB-6303-41EF-9BA2-1C805DDF9E9E}.Debug|x86.ActiveCfg = Debug|Any CPU
		{1C9B39AB-6303-41EF-9BA2-1C805DDF9E9E}.Debug|x86.Build.0 = Debug|Any CPU
		{1C9B39AB-6303-41EF-9BA2-1C805DDF9E9E}.Release|Any CPU.ActiveCfg = Release|Any CPU
		{1C9B39AB-6303-41EF-9BA2-1C805DDF9E9E}.Release|Any CPU.Build.0 = Release|Any CPU
		{1C9B39AB-6303-41EF-9BA2-1C805DDF9E9E}.Release|x64.ActiveCfg = Release|Any CPU
		{1C9B39AB-6303-41EF-9BA2-1C805DDF9E9E}.Release|x64.Build.0 = Release|Any CPU
		{1C9B39AB-6303-41EF-9BA2-1C805DDF9E9E}.Release|x86.ActiveCfg = Release|Any CPU
		{1C9B39AB-6303-41EF-9BA2-1C805DDF9E9E}.Release|x86.Build.0 = Release|Any CPU
		{2822DFE6-0CF7-4AD9-9338-FDF0A47F6791}.Debug|Any CPU.ActiveCfg = Debug|Any CPU
		{2822DFE6-0CF7-4AD9-9338-FDF0A47F6791}.Debug|Any CPU.Build.0 = Debug|Any CPU
		{2822DFE6-0CF7-4AD9-9338-FDF0A47F6791}.Debug|x64.ActiveCfg = Debug|Any CPU
		{2822DFE6-0CF7-4AD9-9338-FDF0A47F6791}.Debug|x64.Build.0 = Debug|Any CPU
		{2822DFE6-0CF7-4AD9-9338-FDF0A47F6791}.Debug|x86.ActiveCfg = Debug|Any CPU
		{2822DFE6-0CF7-4AD9-9338-FDF0A47F6791}.Debug|x86.Build.0 = Debug|Any CPU
		{2822DFE6-0CF7-4AD9-9338-FDF0A47F6791}.Release|Any CPU.ActiveCfg = Release|Any CPU
		{2822DFE6-0CF7-4AD9-9338-FDF0A47F6791}.Release|Any CPU.Build.0 = Release|Any CPU
		{2822DFE6-0CF7-4AD9-9338-FDF0A47F6791}.Release|x64.ActiveCfg = Release|Any CPU
		{2822DFE6-0CF7-4AD9-9338-FDF0A47F6791}.Release|x64.Build.0 = Release|Any CPU
		{2822DFE6-0CF7-4AD9-9338-FDF0A47F6791}.Release|x86.ActiveCfg = Release|Any CPU
		{2822DFE6-0CF7-4AD9-9338-FDF0A47F6791}.Release|x86.Build.0 = Release|Any CPU
		{D3C76AA4-972A-4FDF-8D68-36C6603B8A2F}.Debug|Any CPU.ActiveCfg = Debug|Any CPU
		{D3C76AA4-972A-4FDF-8D68-36C6603B8A2F}.Debug|Any CPU.Build.0 = Debug|Any CPU
		{D3C76AA4-972A-4FDF-8D68-36C6603B8A2F}.Debug|x64.ActiveCfg = Debug|Any CPU
		{D3C76AA4-972A-4FDF-8D68-36C6603B8A2F}.Debug|x64.Build.0 = Debug|Any CPU
		{D3C76AA4-972A-4FDF-8D68-36C6603B8A2F}.Debug|x86.ActiveCfg = Debug|Any CPU
		{D3C76AA4-972A-4FDF-8D68-36C6603B8A2F}.Debug|x86.Build.0 = Debug|Any CPU
		{D3C76AA4-972A-4FDF-8D68-36C6603B8A2F}.Release|Any CPU.ActiveCfg = Release|Any CPU
		{D3C76AA4-972A-4FDF-8D68-36C6603B8A2F}.Release|Any CPU.Build.0 = Release|Any CPU
		{D3C76AA4-972A-4FDF-8D68-36C6603B8A2F}.Release|x64.ActiveCfg = Release|Any CPU
		{D3C76AA4-972A-4FDF-8D68-36C6603B8A2F}.Release|x64.Build.0 = Release|Any CPU
		{D3C76AA4-972A-4FDF-8D68-36C6603B8A2F}.Release|x86.ActiveCfg = Release|Any CPU
		{D3C76AA4-972A-4FDF-8D68-36C6603B8A2F}.Release|x86.Build.0 = Release|Any CPU
		{8B501D73-9434-40CB-A3FE-CA6ACC114829}.Debug|Any CPU.ActiveCfg = Debug|Any CPU
		{8B501D73-9434-40CB-A3FE-CA6ACC114829}.Debug|Any CPU.Build.0 = Debug|Any CPU
		{8B501D73-9434-40CB-A3FE-CA6ACC114829}.Debug|x64.ActiveCfg = Debug|Any CPU
		{8B501D73-9434-40CB-A3FE-CA6ACC114829}.Debug|x64.Build.0 = Debug|Any CPU
		{8B501D73-9434-40CB-A3FE-CA6ACC114829}.Debug|x86.ActiveCfg = Debug|Any CPU
		{8B501D73-9434-40CB-A3FE-CA6ACC114829}.Debug|x86.Build.0 = Debug|Any CPU
		{8B501D73-9434-40CB-A3FE-CA6ACC114829}.Release|Any CPU.ActiveCfg = Release|Any CPU
		{8B501D73-9434-40CB-A3FE-CA6ACC114829}.Release|Any CPU.Build.0 = Release|Any CPU
		{8B501D73-9434-40CB-A3FE-CA6ACC114829}.Release|x64.ActiveCfg = Release|Any CPU
		{8B501D73-9434-40CB-A3FE-CA6ACC114829}.Release|x64.Build.0 = Release|Any CPU
		{8B501D73-9434-40CB-A3FE-CA6ACC114829}.Release|x86.ActiveCfg = Release|Any CPU
		{8B501D73-9434-40CB-A3FE-CA6ACC114829}.Release|x86.Build.0 = Release|Any CPU
		{8C5CB25A-4141-4D9F-B5A7-94417C6D3FE0}.Debug|Any CPU.ActiveCfg = Debug|Any CPU
		{8C5CB25A-4141-4D9F-B5A7-94417C6D3FE0}.Debug|Any CPU.Build.0 = Debug|Any CPU
		{8C5CB25A-4141-4D9F-B5A7-94417C6D3FE0}.Debug|x64.ActiveCfg = Debug|Any CPU
		{8C5CB25A-4141-4D9F-B5A7-94417C6D3FE0}.Debug|x64.Build.0 = Debug|Any CPU
		{8C5CB25A-4141-4D9F-B5A7-94417C6D3FE0}.Debug|x86.ActiveCfg = Debug|Any CPU
		{8C5CB25A-4141-4D9F-B5A7-94417C6D3FE0}.Debug|x86.Build.0 = Debug|Any CPU
		{8C5CB25A-4141-4D9F-B5A7-94417C6D3FE0}.Release|Any CPU.ActiveCfg = Release|Any CPU
		{8C5CB25A-4141-4D9F-B5A7-94417C6D3FE0}.Release|Any CPU.Build.0 = Release|Any CPU
		{8C5CB25A-4141-4D9F-B5A7-94417C6D3FE0}.Release|x64.ActiveCfg = Release|Any CPU
		{8C5CB25A-4141-4D9F-B5A7-94417C6D3FE0}.Release|x64.Build.0 = Release|Any CPU
		{8C5CB25A-4141-4D9F-B5A7-94417C6D3FE0}.Release|x86.ActiveCfg = Release|Any CPU
		{8C5CB25A-4141-4D9F-B5A7-94417C6D3FE0}.Release|x86.Build.0 = Release|Any CPU
		{282334A1-C729-4918-9D36-A42263C098C0}.Debug|Any CPU.ActiveCfg = Debug|Any CPU
		{282334A1-C729-4918-9D36-A42263C098C0}.Debug|Any CPU.Build.0 = Debug|Any CPU
		{282334A1-C729-4918-9D36-A42263C098C0}.Debug|x64.ActiveCfg = Debug|Any CPU
		{282334A1-C729-4918-9D36-A42263C098C0}.Debug|x64.Build.0 = Debug|Any CPU
		{282334A1-C729-4918-9D36-A42263C098C0}.Debug|x86.ActiveCfg = Debug|Any CPU
		{282334A1-C729-4918-9D36-A42263C098C0}.Debug|x86.Build.0 = Debug|Any CPU
		{282334A1-C729-4918-9D36-A42263C098C0}.Release|Any CPU.ActiveCfg = Release|Any CPU
		{282334A1-C729-4918-9D36-A42263C098C0}.Release|Any CPU.Build.0 = Release|Any CPU
		{282334A1-C729-4918-9D36-A42263C098C0}.Release|x64.ActiveCfg = Release|Any CPU
		{282334A1-C729-4918-9D36-A42263C098C0}.Release|x64.Build.0 = Release|Any CPU
		{282334A1-C729-4918-9D36-A42263C098C0}.Release|x86.ActiveCfg = Release|Any CPU
		{282334A1-C729-4918-9D36-A42263C098C0}.Release|x86.Build.0 = Release|Any CPU
	EndGlobalSection
EndGlobal
